// !$*UTF8*$!
{
	archiveVersion = 1;
	classes = {
	};
	objectVersion = 46;
	objects = {

/* Begin PBXBuildFile section */
		3B710CFD1E8027B900DCE378 /* main.m in Sources */ = {isa = PBXBuildFile; fileRef = 3B710CFC1E8027B900DCE378 /* main.m */; };
		3B710D001E8027B900DCE378 /* AppDelegate.m in Sources */ = {isa = PBXBuildFile; fileRef = 3B710CFF1E8027B900DCE378 /* AppDelegate.m */; };
		3B710D031E8027B900DCE378 /* ViewController.m in Sources */ = {isa = PBXBuildFile; fileRef = 3B710D021E8027B900DCE378 /* ViewController.m */; };
		3B710D061E8027B900DCE378 /* Main.storyboard in Resources */ = {isa = PBXBuildFile; fileRef = 3B710D041E8027B900DCE378 /* Main.storyboard */; };
		3B710D081E8027B900DCE378 /* Assets.xcassets in Resources */ = {isa = PBXBuildFile; fileRef = 3B710D071E8027B900DCE378 /* Assets.xcassets */; };
		3B710D0B1E8027B900DCE378 /* LaunchScreen.storyboard in Resources */ = {isa = PBXBuildFile; fileRef = 3B710D091E8027B900DCE378 /* LaunchScreen.storyboard */; };
		3B710D181E802B8500DCE378 /* normal@2x.png in Resources */ = {isa = PBXBuildFile; fileRef = 3B710D131E802B8500DCE378 /* normal@2x.png */; };
		3B710D191E802B8500DCE378 /* pulling@2x.png in Resources */ = {isa = PBXBuildFile; fileRef = 3B710D141E802B8500DCE378 /* pulling@2x.png */; };
		3B710D1A1E802B8500DCE378 /* refreshing_01@2x.png in Resources */ = {isa = PBXBuildFile; fileRef = 3B710D151E802B8500DCE378 /* refreshing_01@2x.png */; };
		3B710D1B1E802B8500DCE378 /* refreshing_02@2x.png in Resources */ = {isa = PBXBuildFile; fileRef = 3B710D161E802B8500DCE378 /* refreshing_02@2x.png */; };
		3B710D1C1E802B8500DCE378 /* refreshing_03@2x.png in Resources */ = {isa = PBXBuildFile; fileRef = 3B710D171E802B8500DCE378 /* refreshing_03@2x.png */; };
		3B710D1F1E80302800DCE378 /* CLPullDownRefreshView.m in Sources */ = {isa = PBXBuildFile; fileRef = 3B710D1E1E80302800DCE378 /* CLPullDownRefreshView.m */; };
/* End PBXBuildFile section */

/* Begin PBXFileReference section */
		3B710CF81E8027B900DCE378 /* CLPullDownRefreshView.app */ = {isa = PBXFileReference; explicitFileType = wrapper.application; includeInIndex = 0; path = CLPullDownRefreshView.app; sourceTree = BUILT_PRODUCTS_DIR; };
		3B710CFC1E8027B900DCE378 /* main.m */ = {isa = PBXFileReference; lastKnownFileType = sourcecode.c.objc; path = main.m; sourceTree = "<group>"; };
		3B710CFE1E8027B900DCE378 /* AppDelegate.h */ = {isa = PBXFileReference; lastKnownFileType = sourcecode.c.h; path = AppDelegate.h; sourceTree = "<group>"; };
		3B710CFF1E8027B900DCE378 /* AppDelegate.m */ = {isa = PBXFileReference; lastKnownFileType = sourcecode.c.objc; path = AppDelegate.m; sourceTree = "<group>"; };
		3B710D011E8027B900DCE378 /* ViewController.h */ = {isa = PBXFileReference; lastKnownFileType = sourcecode.c.h; path = ViewController.h; sourceTree = "<group>"; };
		3B710D021E8027B900DCE378 /* ViewController.m */ = {isa = PBXFileReference; lastKnownFileType = sourcecode.c.objc; path = ViewController.m; sourceTree = "<group>"; };
		3B710D051E8027B900DCE378 /* Base */ = {isa = PBXFileReference; lastKnownFileType = file.storyboard; name = Base; path = Base.lproj/Main.storyboard; sourceTree = "<group>"; };
		3B710D071E8027B900DCE378 /* Assets.xcassets */ = {isa = PBXFileReference; lastKnownFileType = folder.assetcatalog; path = Assets.xcassets; sourceTree = "<group>"; };
		3B710D0A1E8027B900DCE378 /* Base */ = {isa = PBXFileReference; lastKnownFileType = file.storyboard; name = Base; path = Base.lproj/LaunchScreen.storyboard; sourceTree = "<group>"; };
		3B710D0C1E8027B900DCE378 /* Info.plist */ = {isa = PBXFileReference; lastKnownFileType = text.plist.xml; path = Info.plist; sourceTree = "<group>"; };
		3B710D131E802B8500DCE378 /* normal@2x.png */ = {isa = PBXFileReference; lastKnownFileType = image.png; path = "normal@2x.png"; sourceTree = "<group>"; };
		3B710D141E802B8500DCE378 /* pulling@2x.png */ = {isa = PBXFileReference; lastKnownFileType = image.png; path = "pulling@2x.png"; sourceTree = "<group>"; };
		3B710D151E802B8500DCE378 /* refreshing_01@2x.png */ = {isa = PBXFileReference; lastKnownFileType = image.png; path = "refreshing_01@2x.png"; sourceTree = "<group>"; };
		3B710D161E802B8500DCE378 /* refreshing_02@2x.png */ = {isa = PBXFileReference; lastKnownFileType = image.png; path = "refreshing_02@2x.png"; sourceTree = "<group>"; };
		3B710D171E802B8500DCE378 /* refreshing_03@2x.png */ = {isa = PBXFileReference; lastKnownFileType = image.png; path = "refreshing_03@2x.png"; sourceTree = "<group>"; };
		3B710D1D1E80302800DCE378 /* CLPullDownRefreshView.h */ = {isa = PBXFileReference; fileEncoding = 4; lastKnownFileType = sourcecode.c.h; path = CLPullDownRefreshView.h; sourceTree = "<group>"; };
		3B710D1E1E80302800DCE378 /* CLPullDownRefreshView.m */ = {isa = PBXFileReference; fileEncoding = 4; lastKnownFileType = sourcecode.c.objc; path = CLPullDownRefreshView.m; sourceTree = "<group>"; };
/* End PBXFileReference section */

/* Begin PBXFrameworksBuildPhase section */
		3B710CF51E8027B900DCE378 /* Frameworks */ = {
			isa = PBXFrameworksBuildPhase;
			buildActionMask = 2147483647;
			files = (
			);
			runOnlyForDeploymentPostprocessing = 0;
		};
/* End PBXFrameworksBuildPhase section */

/* Begin PBXGroup section */
		3B710CEF1E8027B900DCE378 = {
			isa = PBXGroup;
			children = (
				3B710CFA1E8027B900DCE378 /* CLPullDownRefreshView */,
				3B710CF91E8027B900DCE378 /* Products */,
			);
			sourceTree = "<group>";
		};
		3B710CF91E8027B900DCE378 /* Products */ = {
			isa = PBXGroup;
			children = (
				3B710CF81E8027B900DCE378 /* CLPullDownRefreshView.app */,
			);
			name = Products;
			sourceTree = "<group>";
		};
		3B710CFA1E8027B900DCE378 /* CLPullDownRefreshView */ = {
			isa = PBXGroup;
			children = (
				3B710CFE1E8027B900DCE378 /* AppDelegate.h */,
				3B710CFF1E8027B900DCE378 /* AppDelegate.m */,
				3B710D011E8027B900DCE378 /* ViewController.h */,
				3B710D021E8027B900DCE378 /* ViewController.m */,
				3B710D121E802B8500DCE378 /* Resources */,
				3B710D041E8027B900DCE378 /* Main.storyboard */,
				3B710D071E8027B900DCE378 /* Assets.xcassets */,
				3B710D091E8027B900DCE378 /* LaunchScreen.storyboard */,
				3B710D0C1E8027B900DCE378 /* Info.plist */,
				3B710CFB1E8027B900DCE378 /* Supporting Files */,
				3B710D1D1E80302800DCE378 /* CLPullDownRefreshView.h */,
				3B710D1E1E80302800DCE378 /* CLPullDownRefreshView.m */,
			);
			path = CLPullDownRefreshView;
			sourceTree = "<group>";
		};
		3B710CFB1E8027B900DCE378 /* Supporting Files */ = {
			isa = PBXGroup;
			children = (
				3B710CFC1E8027B900DCE378 /* main.m */,
			);
			name = "Supporting Files";
			sourceTree = "<group>";
		};
		3B710D121E802B8500DCE378 /* Resources */ = {
			isa = PBXGroup;
			children = (
				3B710D131E802B8500DCE378 /* normal@2x.png */,
				3B710D141E802B8500DCE378 /* pulling@2x.png */,
				3B710D151E802B8500DCE378 /* refreshing_01@2x.png */,
				3B710D161E802B8500DCE378 /* refreshing_02@2x.png */,
				3B710D171E802B8500DCE378 /* refreshing_03@2x.png */,
			);
			path = Resources;
			sourceTree = "<group>";
		};
/* End PBXGroup section */

/* Begin PBXNativeTarget section */
		3B710CF71E8027B900DCE378 /* CLPullDownRefreshView */ = {
			isa = PBXNativeTarget;
			buildConfigurationList = 3B710D0F1E8027B900DCE378 /* Build configuration list for PBXNativeTarget "CLPullDownRefreshView" */;
			buildPhases = (
				3B710CF41E8027B900DCE378 /* Sources */,
				3B710CF51E8027B900DCE378 /* Frameworks */,
				3B710CF61E8027B900DCE378 /* Resources */,
			);
			buildRules = (
			);
			dependencies = (
			);
			name = CLPullDownRefreshView;
			productName = CLPullDownRefreshView;
			productReference = 3B710CF81E8027B900DCE378 /* CLPullDownRefreshView.app */;
			productType = "com.apple.product-type.application";
		};
/* End PBXNativeTarget section */

/* Begin PBXProject section */
		3B710CF01E8027B900DCE378 /* Project object */ = {
			isa = PBXProject;
			attributes = {
				LastUpgradeCheck = 0820;
				ORGANIZATIONNAME = WuChunlong;
				TargetAttributes = {
					3B710CF71E8027B900DCE378 = {
						CreatedOnToolsVersion = 8.2.1;
						DevelopmentTeam = Z8S764DC39;
						ProvisioningStyle = Automatic;
					};
				};
			};
			buildConfigurationList = 3B710CF31E8027B900DCE378 /* Build configuration list for PBXProject "CLPullDownRefreshView" */;
			compatibilityVersion = "Xcode 3.2";
			developmentRegion = English;
			hasScannedForEncodings = 0;
			knownRegions = (
				en,
				Base,
			);
			mainGroup = 3B710CEF1E8027B900DCE378;
			productRefGroup = 3B710CF91E8027B900DCE378 /* Products */;
			projectDirPath = "";
			projectRoot = "";
			targets = (
				3B710CF71E8027B900DCE378 /* CLPullDownRefreshView */,
			);
		};
/* End PBXProject section */

/* Begin PBXResourcesBuildPhase section */
		3B710CF61E8027B900DCE378 /* Resources */ = {
			isa = PBXResourcesBuildPhase;
			buildActionMask = 2147483647;
			files = (
				3B710D1C1E802B8500DCE378 /* refreshing_03@2x.png in Resources */,
				3B710D0B1E8027B900DCE378 /* LaunchScreen.storyboard in Resources */,
				3B710D081E8027B900DCE378 /* Assets.xcassets in Resources */,
				3B710D1B1E802B8500DCE378 /* refreshing_02@2x.png in Resources */,
				3B710D061E8027B900DCE378 /* Main.storyboard in Resources */,
				3B710D181E802B8500DCE378 /* normal@2x.png in Resources */,
				3B710D1A1E802B8500DCE378 /* refreshing_01@2x.png in Resources */,
				3B710D191E802B8500DCE378 /* pulling@2x.png in Resources */,
			);
			runOnlyForDeploymentPostprocessing = 0;
		};
/* End PBXResourcesBuildPhase section */

/* Begin PBXSourcesBuildPhase section */
		3B710CF41E8027B900DCE378 /* Sources */ = {
			isa = PBXSourcesBuildPhase;
			buildActionMask = 2147483647;
			files = (
				3B710D1F1E80302800DCE378 /* CLPullDownRefreshView.m in Sources */,
				3B710D031E8027B900DCE378 /* ViewController.m in Sources */,
				3B710D001E8027B900DCE378 /* AppDelegate.m in Sources */,
				3B710CFD1E8027B900DCE378 /* main.m in Sources */,
			);
			runOnlyForDeploymentPostprocessing = 0;
		};
/* End PBXSourcesBuildPhase section */

/* Begin PBXVariantGroup section */
		3B710D041E8027B900DCE378 /* Main.storyboard */ = {
			isa = PBXVariantGroup;
			children = (
				3B710D051E8027B900DCE378 /* Base */,
			);
			name = Main.storyboard;
			sourceTree = "<group>";
		};
		3B710D091E8027B900DCE378 /* LaunchScreen.storyboard */ = {
			isa = PBXVariantGroup;
			children = (
				3B710D0A1E8027B900DCE378 /* Base */,
			);
			name = LaunchScreen.storyboard;
			sourceTree = "<group>";
		};
/* End PBXVariantGroup section */

/* Begin XCBuildConfiguration section */
		3B710D0D1E8027B900DCE378 /* Debug */ = {
			isa = XCBuildConfiguration;
			buildSettings = {
				ALWAYS_SEARCH_USER_PATHS = NO;
				CLANG_ANALYZER_NONNULL = YES;
				CLANG_CXX_LANGUAGE_STANDARD = "gnu++0x";
				CLANG_CXX_LIBRARY = "libc++";
				CLANG_ENABLE_MODULES = YES;
				CLANG_ENABLE_OBJC_ARC = YES;
				CLANG_WARN_BOOL_CONVERSION = YES;
				CLANG_WARN_CONSTANT_CONVERSION = YES;
				CLANG_WARN_DIRECT_OBJC_ISA_USAGE = YES_ERROR;
				CLANG_WARN_DOCUMENTATION_COMMENTS = YES;
				CLANG_WARN_EMPTY_BODY = YES;
				CLANG_WARN_ENUM_CONVERSION = YES;
				CLANG_WARN_INFINITE_RECURSION = YES;
				CLANG_WARN_INT_CONVERSION = YES;
				CLANG_WARN_OBJC_ROOT_CLASS = YES_ERROR;
				CLANG_WARN_SUSPICIOUS_MOVE = YES;
				CLANG_WARN_UNREACHABLE_CODE = YES;
				CLANG_WARN__DUPLICATE_METHOD_MATCH = YES;
				"CODE_SIGN_IDENTITY[sdk=iphoneos*]" = "iPhone Developer";
				COPY_PHASE_STRIP = NO;
				DEBUG_INFORMATION_FORMAT = dwarf;
				ENABLE_STRICT_OBJC_MSGSEND = YES;
				ENABLE_TESTABILITY = YES;
				GCC_C_LANGUAGE_STANDARD = gnu99;
				GCC_DYNAMIC_NO_PIC = NO;
				GCC_NO_COMMON_BLOCKS = YES;
				GCC_OPTIMIZATION_LEVEL = 0;
				GCC_PREPROCESSOR_DEFINITIONS = (
					"DEBUG=1",
					"$(inherited)",
				);
				GCC_WARN_64_TO_32_BIT_CONVERSION = YES;
				GCC_WARN_ABOUT_RETURN_TYPE = YES_ERROR;
				GCC_WARN_UNDECLARED_SELECTOR = YES;
				GCC_WARN_UNINITIALIZED_AUTOS = YES_AGGRESSIVE;
				GCC_WARN_UNUSED_FUNCTION = YES;
				GCC_WARN_UNUSED_VARIABLE = YES;
				IPHONEOS_DEPLOYMENT_TARGET = 10.2;
				MTL_ENABLE_DEBUG_INFO = YES;
				ONLY_ACTIVE_ARCH = YES;
				SDKROOT = iphoneos;
			};
			name = Debug;
		};
		3B710D0E1E8027B900DCE378 /* Release */ = {
			isa = XCBuildConfiguration;
			buildSettings = {
				ALWAYS_SEARCH_USER_PATHS = NO;
				CLANG_ANALYZER_NONNULL = YES;
				CLANG_CXX_LANGUAGE_STANDARD = "gnu++0x";
				CLANG_CXX_LIBRARY = "libc++";
				CLANG_ENABLE_MODULES = YES;
				CLANG_ENABLE_OBJC_ARC = YES;
				CLANG_WARN_BOOL_CONVERSION = YES;
				CLANG_WARN_CONSTANT_CONVERSION = YES;
				CLANG_WARN_DIRECT_OBJC_ISA_USAGE = YES_ERROR;
				CLANG_WARN_DOCUMENTATION_COMMENTS = YES;
				CLANG_WARN_EMPTY_BODY = YES;
				CLANG_WARN_ENUM_CONVERSION = YES;
				CLANG_WARN_INFINITE_RECURSION = YES;
				CLANG_WARN_INT_CONVERSION = YES;
				CLANG_WARN_OBJC_ROOT_CLASS = YES_ERROR;
				CLANG_WARN_SUSPICIOUS_MOVE = YES;
				CLANG_WARN_UNREACHABLE_CODE = YES;
				CLANG_WARN__DUPLICATE_METHOD_MATCH = YES;
				"CODE_SIGN_IDENTITY[sdk=iphoneos*]" = "iPhone Developer";
				COPY_PHASE_STRIP = NO;
				DEBUG_INFORMATION_FORMAT = "dwarf-with-dsym";
				ENABLE_NS_ASSERTIONS = NO;
				ENABLE_STRICT_OBJC_MSGSEND = YES;
				GCC_C_LANGUAGE_STANDARD = gnu99;
				GCC_NO_COMMON_BLOCKS = YES;
				GCC_WARN_64_TO_32_BIT_CONVERSION = YES;
				GCC_WARN_ABOUT_RETURN_TYPE = YES_ERROR;
				GCC_WARN_UNDECLARED_SELECTOR = YES;
				GCC_WARN_UNINITIALIZED_AUTOS = YES_AGGRESSIVE;
				GCC_WARN_UNUSED_FUNCTION = YES;
				GCC_WARN_UNUSED_VARIABLE = YES;
				IPHONEOS_DEPLOYMENT_TARGET = 10.2;
				MTL_ENABLE_DEBUG_INFO = NO;
				SDKROOT = iphoneos;
				VALIDATE_PRODUCT = YES;
			};
			name = Release;
		};
		3B710D101E8027B900DCE378 /* Debug */ = {
			isa = XCBuildConfiguration;
			buildSettings = {
				ASSETCATALOG_COMPILER_APPICON_NAME = AppIcon;
				DEVELOPMENT_TEAM = Z8S764DC39;
				INFOPLIST_FILE = CLPullDownRefreshView/Info.plist;
				LD_RUNPATH_SEARCH_PATHS = "$(inherited) @executable_path/Frameworks";
				PRODUCT_BUNDLE_IDENTIFIER = com.wcl.CLPullDownRefreshView;
				PRODUCT_NAME = "$(TARGET_NAME)";
			};
			name = Debug;
		};
		3B710D111E8027B900DCE378 /* Release */ = {
			isa = XCBuildConfiguration;
			buildSettings = {
				ASSETCATALOG_COMPILER_APPICON_NAME = AppIcon;
				DEVELOPMENT_TEAM = Z8S764DC39;
				INFOPLIST_FILE = CLPullDownRefreshView/Info.plist;
				LD_RUNPATH_SEARCH_PATHS = "$(inherited) @executable_path/Frameworks";
				PRODUCT_BUNDLE_IDENTIFIER = com.wcl.CLPullDownRefreshView;
				PRODUCT_NAME = "$(TARGET_NAME)";
			};
			name = Release;
		};
/* End XCBuildConfiguration section */

/* Begin XCConfigurationList section */
		3B710CF31E8027B900DCE378 /* Build configuration list for PBXProject "CLPullDownRefreshView" */ = {
			isa = XCConfigurationList;
			buildConfigurations = (
				3B710D0D1E8027B900DCE378 /* Debug */,
				3B710D0E1E8027B900DCE378 /* Release */,
			);
			defaultConfigurationIsVisible = 0;
			defaultConfigurationName = Release;
		};
		3B710D0F1E8027B900DCE378 /* Build configuration list for PBXNativeTarget "CLPullDownRefreshView" */ = {
			isa = XCConfigurationList;
			buildConfigurations = (
				3B710D101E8027B900DCE378 /* Debug */,
				3B710D111E8027B900DCE378 /* Release */,
			);
			defaultConfigurationIsVisible = 0;
		};
/* End XCConfigurationList section */
	};
	rootObject = 3B710CF01E8027B900DCE378 /* Project object */;
}
